// !$*UTF8*$!
{
	archiveVersion = 1;
	classes = {
	};
	objectVersion = 46;
	objects = {

/* Begin PBXBuildFile section */
		2F07093B19CA181700B4D365 /* player.cpp in Sources */ = {isa = PBXBuildFile; fileRef = 2F07093919CA181700B4D365 /* player.cpp */; };
		2F3D259B1A06DAB4007E6031 /* mario.png in Resources */ = {isa = PBXBuildFile; fileRef = 2F3D259A1A06DAB4007E6031 /* mario.png */; };
		2F3D25A51A0969B0007E6031 /* koopaTurnLeft.png in Resources */ = {isa = PBXBuildFile; fileRef = 2F3D259F1A0969B0007E6031 /* koopaTurnLeft.png */; };
		2F3D25A61A0969B0007E6031 /* koopaTurnRight.png in Resources */ = {isa = PBXBuildFile; fileRef = 2F3D25A01A0969B0007E6031 /* koopaTurnRight.png */; };
		2F3D25A71A0969B0007E6031 /* koopaWalkLeft.png in Resources */ = {isa = PBXBuildFile; fileRef = 2F3D25A11A0969B0007E6031 /* koopaWalkLeft.png */; };
		2F3D25A81A0969B0007E6031 /* koopaWalkRight.png in Resources */ = {isa = PBXBuildFile; fileRef = 2F3D25A21A0969B0007E6031 /* koopaWalkRight.png */; };
		2F3D25A91A0969B0007E6031 /* koopaIdleLeft.png in Resources */ = {isa = PBXBuildFile; fileRef = 2F3D25A31A0969B0007E6031 /* koopaIdleLeft.png */; };
		2F3D25AA1A0969B0007E6031 /* koopaIdleRight.png in Resources */ = {isa = PBXBuildFile; fileRef = 2F3D25A41A0969B0007E6031 /* koopaIdleRight.png */; };
		2F6A129719FA1E9000CD882B /* marioCrouchRight.png in Resources */ = {isa = PBXBuildFile; fileRef = 2F6A129519FA1E9000CD882B /* marioCrouchRight.png */; };
		2F6A129E1A008D7700CD882B /* goombaIdle.png in Resources */ = {isa = PBXBuildFile; fileRef = 2F6A129C1A008D7700CD882B /* goombaIdle.png */; };
		2F6A129F1A008D7700CD882B /* goombaRun.png in Resources */ = {isa = PBXBuildFile; fileRef = 2F6A129D1A008D7700CD882B /* goombaRun.png */; };
		2F6A12A41A00A45D00CD882B /* marioDead.png in Resources */ = {isa = PBXBuildFile; fileRef = 2F6A12A31A00A45D00CD882B /* marioDead.png */; };
		2F6A12A61A00A94D00CD882B /* level.cpp in Sources */ = {isa = PBXBuildFile; fileRef = 2F6A12A51A00A94D00CD882B /* level.cpp */; };
		2F6A12AA1A00A97200CD882B /* object.cpp in Sources */ = {isa = PBXBuildFile; fileRef = 2F6A12A81A00A97200CD882B /* object.cpp */; };
		2F6A12AD1A00A97F00CD882B /* enemy.cpp in Sources */ = {isa = PBXBuildFile; fileRef = 2F6A12AB1A00A97F00CD882B /* enemy.cpp */; };
		2F6A12B01A00A98B00CD882B /* goomba.cpp in Sources */ = {isa = PBXBuildFile; fileRef = 2F6A12AE1A00A98B00CD882B /* goomba.cpp */; };
		2F6A12B21A00AAD500CD882B /* goombaDead.png in Resources */ = {isa = PBXBuildFile; fileRef = 2F6A12B11A00AAD500CD882B /* goombaDead.png */; };
		2F6A12B41A00AD7300CD882B /* marioCrouchLeft.png in Resources */ = {isa = PBXBuildFile; fileRef = 2F6A12B31A00AD7300CD882B /* marioCrouchLeft.png */; };
		2F6A12B71A00BD0F00CD882B /* plant.cpp in Sources */ = {isa = PBXBuildFile; fileRef = 2F6A12B51A00BD0F00CD882B /* plant.cpp */; };
		2F6A12BC1A00BFC600CD882B /* plantJump4.png in Resources */ = {isa = PBXBuildFile; fileRef = 2F6A12B81A00BFC600CD882B /* plantJump4.png */; };
		2F6A12BD1A00BFC600CD882B /* plantJump3.png in Resources */ = {isa = PBXBuildFile; fileRef = 2F6A12B91A00BFC600CD882B /* plantJump3.png */; };
		2F6A12BE1A00BFC600CD882B /* plantJump2.png in Resources */ = {isa = PBXBuildFile; fileRef = 2F6A12BA1A00BFC600CD882B /* plantJump2.png */; };
		2F6A12BF1A00BFC600CD882B /* plantJump1.png in Resources */ = {isa = PBXBuildFile; fileRef = 2F6A12BB1A00BFC600CD882B /* plantJump1.png */; };
		2F8A443B19EB248B00B37063 /* SOIL.c in Sources */ = {isa = PBXBuildFile; fileRef = 2F8A443719EB248B00B37063 /* SOIL.c */; };
		2F8A443C19EB248B00B37063 /* stb_image_aug.c in Sources */ = {isa = PBXBuildFile; fileRef = 2F8A443819EB248B00B37063 /* stb_image_aug.c */; };
		2F8A443D19EB248B00B37063 /* image_DXT.c in Sources */ = {isa = PBXBuildFile; fileRef = 2F8A443919EB248B00B37063 /* image_DXT.c */; };
		2F8A443E19EB248B00B37063 /* image_helper.c in Sources */ = {isa = PBXBuildFile; fileRef = 2F8A443A19EB248B00B37063 /* image_helper.c */; };
		2F8A445019F5A85100B37063 /* backgrounds.png in Resources */ = {isa = PBXBuildFile; fileRef = 2F8A444219F5A85100B37063 /* backgrounds.png */; };
		2F8A445119F5A85100B37063 /* grass.png in Resources */ = {isa = PBXBuildFile; fileRef = 2F8A444319F5A85100B37063 /* grass.png */; };
		2F8A445219F5A85100B37063 /* ground.png in Resources */ = {isa = PBXBuildFile; fileRef = 2F8A444419F5A85100B37063 /* ground.png */; };
		2F8A445319F5A85100B37063 /* jump.wav in Resources */ = {isa = PBXBuildFile; fileRef = 2F8A444519F5A85100B37063 /* jump.wav */; };
		2F8A445419F5A85100B37063 /* level1.txt in Resources */ = {isa = PBXBuildFile; fileRef = 2F8A444619F5A85100B37063 /* level1.txt */; };
		2F8A445519F5A85100B37063 /* marioidle.png in Resources */ = {isa = PBXBuildFile; fileRef = 2F8A444719F5A85100B37063 /* marioidle.png */; };
		2F8A445619F5A85100B37063 /* marioIdleLeft.png in Resources */ = {isa = PBXBuildFile; fileRef = 2F8A444819F5A85100B37063 /* marioIdleLeft.png */; };
		2F8A445719F5A85100B37063 /* marioJumpLeft.png in Resources */ = {isa = PBXBuildFile; fileRef = 2F8A444919F5A85100B37063 /* marioJumpLeft.png */; };
		2F8A445819F5A85100B37063 /* marioJumpRight.png in Resources */ = {isa = PBXBuildFile; fileRef = 2F8A444A19F5A85100B37063 /* marioJumpRight.png */; };
		2F8A445919F5A85100B37063 /* marioRun.png in Resources */ = {isa = PBXBuildFile; fileRef = 2F8A444B19F5A85100B37063 /* marioRun.png */; };
		2F8A445A19F5A85100B37063 /* marioRunLeft.png in Resources */ = {isa = PBXBuildFile; fileRef = 2F8A444C19F5A85100B37063 /* marioRunLeft.png */; };
		2F8A445B19F5A85100B37063 /* qBlock.png in Resources */ = {isa = PBXBuildFile; fileRef = 2F8A444D19F5A85100B37063 /* qBlock.png */; };
		2F8A445C19F5A85100B37063 /* sky.png in Resources */ = {isa = PBXBuildFile; fileRef = 2F8A444E19F5A85100B37063 /* sky.png */; };
		2F8A445D19F5A85100B37063 /* SuperMarioBros.ogg in Resources */ = {isa = PBXBuildFile; fileRef = 2F8A444F19F5A85100B37063 /* SuperMarioBros.ogg */; };
		2F8A446419F5ABFA00B37063 /* grassEndLeft.png in Resources */ = {isa = PBXBuildFile; fileRef = 2F8A446019F5ABFA00B37063 /* grassEndLeft.png */; };
		2F8A446519F5ABFA00B37063 /* grassEndRight.png in Resources */ = {isa = PBXBuildFile; fileRef = 2F8A446119F5ABFA00B37063 /* grassEndRight.png */; };
		2F8A446619F5ABFA00B37063 /* groundEndRight.png in Resources */ = {isa = PBXBuildFile; fileRef = 2F8A446219F5ABFA00B37063 /* groundEndRight.png */; };
		2F8A446719F5ABFA00B37063 /* groundEndLeft.png in Resources */ = {isa = PBXBuildFile; fileRef = 2F8A446319F5ABFA00B37063 /* groundEndLeft.png */; };
		2F8A446919F6E67F00B37063 /* yoshi.png in Resources */ = {isa = PBXBuildFile; fileRef = 2F8A446819F6E67F00B37063 /* yoshi.png */; };
		2F8A446B19F760D700B37063 /* block.png in Resources */ = {isa = PBXBuildFile; fileRef = 2F8A446A19F760D700B37063 /* block.png */; };
		2F8A446E19F76CD400B37063 /* pipe.png in Resources */ = {isa = PBXBuildFile; fileRef = 2F8A446C19F76CD400B37063 /* pipe.png */; };
		2F8A446F19F76CD400B37063 /* bump.png in Resources */ = {isa = PBXBuildFile; fileRef = 2F8A446D19F76CD400B37063 /* bump.png */; };
		2F8A447119F7712800B37063 /* end.png in Resources */ = {isa = PBXBuildFile; fileRef = 2F8A447019F7712800B37063 /* end.png */; };
		2F8A447419F772E700B37063 /* bush.png in Resources */ = {isa = PBXBuildFile; fileRef = 2F8A447219F772E700B37063 /* bush.png */; };
		2F8A447519F772E700B37063 /* sign.png in Resources */ = {isa = PBXBuildFile; fileRef = 2F8A447319F772E700B37063 /* sign.png */; };
		2FCAC09219D26A9E001B2CDA /* sprite.cpp in Sources */ = {isa = PBXBuildFile; fileRef = 2FCAC09019D26A9E001B2CDA /* sprite.cpp */; };
		2FCD3B3419787BCC001B744F /* algebra.cpp in Sources */ = {isa = PBXBuildFile; fileRef = 2FCD3B1B19787BCB001B744F /* algebra.cpp */; };
		2FCD3B3919787BCC001B744F /* main.mm in Sources */ = {isa = PBXBuildFile; fileRef = 2FCD3B2519787BCB001B744F /* main.mm */; };
		2FCD3B4019787BCC001B744F /* UI.cpp in Sources */ = {isa = PBXBuildFile; fileRef = 2FCD3B3219787BCC001B744F /* UI.cpp */; };
		2FCD3B4219787C5C001B744F /* GLUT.framework in Frameworks */ = {isa = PBXBuildFile; fileRef = 2FCD3B4119787C5C001B744F /* GLUT.framework */; };
		2FCD3B4419787C61001B744F /* OpenAL.framework in Frameworks */ = {isa = PBXBuildFile; fileRef = 2FCD3B4319787C61001B744F /* OpenAL.framework */; };
		2FE32E791A096E530029C57D /* koopa.cpp in Sources */ = {isa = PBXBuildFile; fileRef = 2FE32E781A096E530029C57D /* koopa.cpp */; };
		2FE32E7B1A096F530029C57D /* libSOIL.a in Frameworks */ = {isa = PBXBuildFile; fileRef = 2FE32E7A1A096F530029C57D /* libSOIL.a */; };
		2FE32E801A0D8F2E0029C57D /* koopaShell4.png in Resources */ = {isa = PBXBuildFile; fileRef = 2FE32E7C1A0D8F2E0029C57D /* koopaShell4.png */; };
		2FE32E811A0D8F2E0029C57D /* koopaShell3.png in Resources */ = {isa = PBXBuildFile; fileRef = 2FE32E7D1A0D8F2E0029C57D /* koopaShell3.png */; };
		2FE32E821A0D8F2E0029C57D /* koopaShell2.png in Resources */ = {isa = PBXBuildFile; fileRef = 2FE32E7E1A0D8F2E0029C57D /* koopaShell2.png */; };
		2FE32E831A0D8F2E0029C57D /* koopaShell1.png in Resources */ = {isa = PBXBuildFile; fileRef = 2FE32E7F1A0D8F2E0029C57D /* koopaShell1.png */; };
		2FE32E851A0ECF940029C57D /* SuperMarioBros.wav in Resources */ = {isa = PBXBuildFile; fileRef = 2FE32E841A0ECF940029C57D /* SuperMarioBros.wav */; };
		2FE32E871A11F5D60029C57D /* title.png in Resources */ = {isa = PBXBuildFile; fileRef = 2FE32E861A11F5D60029C57D /* title.png */; };
		2FE32E891A15F2A00029C57D /* door.png in Resources */ = {isa = PBXBuildFile; fileRef = 2FE32E881A15F29F0029C57D /* door.png */; };
		2FE79B071979C7DF007FBA20 /* soundEffects.cpp in Sources */ = {isa = PBXBuildFile; fileRef = 2FE79B051979C7DF007FBA20 /* soundEffects.cpp */; };
		E2639AE8190D169200B6251A /* OpenGL.framework in Frameworks */ = {isa = PBXBuildFile; fileRef = E2639AE7190D169200B6251A /* OpenGL.framework */; };
		E2639AF3190D16D900B6251A /* glew.c in Sources */ = {isa = PBXBuildFile; fileRef = E2639AF2190D16D900B6251A /* glew.c */; };
/* End PBXBuildFile section */

/* Begin PBXFileReference section */
		2F07093719C966CA00B4D365 /* sharedConstants.h */ = {isa = PBXFileReference; lastKnownFileType = sourcecode.c.h; name = sharedConstants.h; path = source/sharedConstants.h; sourceTree = SOURCE_ROOT; };
		2F07093819C966FD00B4D365 /* sharedHeaders.h */ = {isa = PBXFileReference; lastKnownFileType = sourcecode.c.h; name = sharedHeaders.h; path = source/sharedHeaders.h; sourceTree = SOURCE_ROOT; };
		2F07093919CA181700B4D365 /* player.cpp */ = {isa = PBXFileReference; fileEncoding = 4; lastKnownFileType = sourcecode.cpp.cpp; name = player.cpp; path = source/player.cpp; sourceTree = SOURCE_ROOT; };
		2F07093A19CA181700B4D365 /* player.h */ = {isa = PBXFileReference; fileEncoding = 4; lastKnownFileType = sourcecode.c.h; name = player.h; path = source/player.h; sourceTree = SOURCE_ROOT; };
		2F3D259A1A06DAB4007E6031 /* mario.png */ = {isa = PBXFileReference; lastKnownFileType = image.png; path = mario.png; sourceTree = "<group>"; };
		2F3D259F1A0969B0007E6031 /* koopaTurnLeft.png */ = {isa = PBXFileReference; lastKnownFileType = image.png; path = koopaTurnLeft.png; sourceTree = "<group>"; };
		2F3D25A01A0969B0007E6031 /* koopaTurnRight.png */ = {isa = PBXFileReference; lastKnownFileType = image.png; path = koopaTurnRight.png; sourceTree = "<group>"; };
		2F3D25A11A0969B0007E6031 /* koopaWalkLeft.png */ = {isa = PBXFileReference; lastKnownFileType = image.png; path = koopaWalkLeft.png; sourceTree = "<group>"; };
		2F3D25A21A0969B0007E6031 /* koopaWalkRight.png */ = {isa = PBXFileReference; lastKnownFileType = image.png; path = koopaWalkRight.png; sourceTree = "<group>"; };
		2F3D25A31A0969B0007E6031 /* koopaIdleLeft.png */ = {isa = PBXFileReference; lastKnownFileType = image.png; path = koopaIdleLeft.png; sourceTree = "<group>"; };
		2F3D25A41A0969B0007E6031 /* koopaIdleRight.png */ = {isa = PBXFileReference; lastKnownFileType = image.png; path = koopaIdleRight.png; sourceTree = "<group>"; };
		2F6A129519FA1E9000CD882B /* marioCrouchRight.png */ = {isa = PBXFileReference; lastKnownFileType = image.png; path = marioCrouchRight.png; sourceTree = "<group>"; };
		2F6A129C1A008D7700CD882B /* goombaIdle.png */ = {isa = PBXFileReference; lastKnownFileType = image.png; path = goombaIdle.png; sourceTree = "<group>"; };
		2F6A129D1A008D7700CD882B /* goombaRun.png */ = {isa = PBXFileReference; lastKnownFileType = image.png; path = goombaRun.png; sourceTree = "<group>"; };
		2F6A12A31A00A45D00CD882B /* marioDead.png */ = {isa = PBXFileReference; lastKnownFileType = image.png; path = marioDead.png; sourceTree = "<group>"; };
		2F6A12A51A00A94D00CD882B /* level.cpp */ = {isa = PBXFileReference; fileEncoding = 4; lastKnownFileType = sourcecode.cpp.cpp; name = level.cpp; path = source/level.cpp; sourceTree = SOURCE_ROOT; };
		2F6A12A71A00A95600CD882B /* level.h */ = {isa = PBXFileReference; lastKnownFileType = sourcecode.c.h; name = level.h; path = source/level.h; sourceTree = SOURCE_ROOT; };
		2F6A12A81A00A97200CD882B /* object.cpp */ = {isa = PBXFileReference; fileEncoding = 4; lastKnownFileType = sourcecode.cpp.cpp; name = object.cpp; path = source/object.cpp; sourceTree = SOURCE_ROOT; };
		2F6A12A91A00A97200CD882B /* object.h */ = {isa = PBXFileReference; fileEncoding = 4; lastKnownFileType = sourcecode.c.h; name = object.h; path = source/object.h; sourceTree = SOURCE_ROOT; };
		2F6A12AB1A00A97F00CD882B /* enemy.cpp */ = {isa = PBXFileReference; fileEncoding = 4; lastKnownFileType = sourcecode.cpp.cpp; name = enemy.cpp; path = source/enemy.cpp; sourceTree = SOURCE_ROOT; };
		2F6A12AC1A00A97F00CD882B /* enemy.h */ = {isa = PBXFileReference; fileEncoding = 4; lastKnownFileType = sourcecode.c.h; name = enemy.h; path = source/enemy.h; sourceTree = SOURCE_ROOT; };
		2F6A12AE1A00A98B00CD882B /* goomba.cpp */ = {isa = PBXFileReference; fileEncoding = 4; lastKnownFileType = sourcecode.cpp.cpp; name = goomba.cpp; path = source/goomba.cpp; sourceTree = SOURCE_ROOT; };
		2F6A12AF1A00A98B00CD882B /* goomba.h */ = {isa = PBXFileReference; fileEncoding = 4; lastKnownFileType = sourcecode.c.h; name = goomba.h; path = source/goomba.h; sourceTree = SOURCE_ROOT; };
		2F6A12B11A00AAD500CD882B /* goombaDead.png */ = {isa = PBXFileReference; lastKnownFileType = image.png; path = goombaDead.png; sourceTree = "<group>"; };
		2F6A12B31A00AD7300CD882B /* marioCrouchLeft.png */ = {isa = PBXFileReference; lastKnownFileType = image.png; path = marioCrouchLeft.png; sourceTree = "<group>"; };
		2F6A12B51A00BD0F00CD882B /* plant.cpp */ = {isa = PBXFileReference; fileEncoding = 4; lastKnownFileType = sourcecode.cpp.cpp; name = plant.cpp; path = source/plant.cpp; sourceTree = SOURCE_ROOT; };
		2F6A12B61A00BD0F00CD882B /* plant.h */ = {isa = PBXFileReference; fileEncoding = 4; lastKnownFileType = sourcecode.c.h; name = plant.h; path = source/plant.h; sourceTree = SOURCE_ROOT; };
		2F6A12B81A00BFC600CD882B /* plantJump4.png */ = {isa = PBXFileReference; lastKnownFileType = image.png; path = plantJump4.png; sourceTree = "<group>"; };
		2F6A12B91A00BFC600CD882B /* plantJump3.png */ = {isa = PBXFileReference; lastKnownFileType = image.png; path = plantJump3.png; sourceTree = "<group>"; };
		2F6A12BA1A00BFC600CD882B /* plantJump2.png */ = {isa = PBXFileReference; lastKnownFileType = image.png; path = plantJump2.png; sourceTree = "<group>"; };
		2F6A12BB1A00BFC600CD882B /* plantJump1.png */ = {isa = PBXFileReference; lastKnownFileType = image.png; path = plantJump1.png; sourceTree = "<group>"; };
		2F8A443719EB248B00B37063 /* SOIL.c */ = {isa = PBXFileReference; fileEncoding = 4; lastKnownFileType = sourcecode.c.c; name = SOIL.c; path = "../Downloads/Simple OpenGL Image Library/src/SOIL.c"; sourceTree = "<group>"; };
		2F8A443819EB248B00B37063 /* stb_image_aug.c */ = {isa = PBXFileReference; fileEncoding = 4; lastKnownFileType = sourcecode.c.c; name = stb_image_aug.c; path = "../Downloads/Simple OpenGL Image Library/src/stb_image_aug.c"; sourceTree = "<group>"; };
		2F8A443919EB248B00B37063 /* image_DXT.c */ = {isa = PBXFileReference; fileEncoding = 4; lastKnownFileType = sourcecode.c.c; name = image_DXT.c; path = "../Downloads/Simple OpenGL Image Library/src/image_DXT.c"; sourceTree = "<group>"; };
		2F8A443A19EB248B00B37063 /* image_helper.c */ = {isa = PBXFileReference; fileEncoding = 4; lastKnownFileType = sourcecode.c.c; name = image_helper.c; path = "../Downloads/Simple OpenGL Image Library/src/image_helper.c"; sourceTree = "<group>"; };
		2F8A444219F5A85100B37063 /* backgrounds.png */ = {isa = PBXFileReference; lastKnownFileType = image.png; path = backgrounds.png; sourceTree = "<group>"; };
		2F8A444319F5A85100B37063 /* grass.png */ = {isa = PBXFileReference; lastKnownFileType = image.png; path = grass.png; sourceTree = "<group>"; };
		2F8A444419F5A85100B37063 /* ground.png */ = {isa = PBXFileReference; lastKnownFileType = image.png; path = ground.png; sourceTree = "<group>"; };
		2F8A444519F5A85100B37063 /* jump.wav */ = {isa = PBXFileReference; lastKnownFileType = audio.wav; path = jump.wav; sourceTree = "<group>"; };
		2F8A444619F5A85100B37063 /* level1.txt */ = {isa = PBXFileReference; fileEncoding = 4; lastKnownFileType = text; path = level1.txt; sourceTree = "<group>"; };
		2F8A444719F5A85100B37063 /* marioidle.png */ = {isa = PBXFileReference; lastKnownFileType = image.png; path = marioidle.png; sourceTree = "<group>"; };
		2F8A444819F5A85100B37063 /* marioIdleLeft.png */ = {isa = PBXFileReference; lastKnownFileType = image.png; path = marioIdleLeft.png; sourceTree = "<group>"; };
		2F8A444919F5A85100B37063 /* marioJumpLeft.png */ = {isa = PBXFileReference; lastKnownFileType = image.png; path = marioJumpLeft.png; sourceTree = "<group>"; };
		2F8A444A19F5A85100B37063 /* marioJumpRight.png */ = {isa = PBXFileReference; lastKnownFileType = image.png; path = marioJumpRight.png; sourceTree = "<group>"; };
		2F8A444B19F5A85100B37063 /* marioRun.png */ = {isa = PBXFileReference; lastKnownFileType = image.png; path = marioRun.png; sourceTree = "<group>"; };
		2F8A444C19F5A85100B37063 /* marioRunLeft.png */ = {isa = PBXFileReference; lastKnownFileType = image.png; path = marioRunLeft.png; sourceTree = "<group>"; };
		2F8A444D19F5A85100B37063 /* qBlock.png */ = {isa = PBXFileReference; lastKnownFileType = image.png; path = qBlock.png; sourceTree = "<group>"; };
		2F8A444E19F5A85100B37063 /* sky.png */ = {isa = PBXFileReference; lastKnownFileType = image.png; path = sky.png; sourceTree = "<group>"; };
		2F8A444F19F5A85100B37063 /* SuperMarioBros.ogg */ = {isa = PBXFileReference; lastKnownFileType = file; path = SuperMarioBros.ogg; sourceTree = "<group>"; };
		2F8A446019F5ABFA00B37063 /* grassEndLeft.png */ = {isa = PBXFileReference; lastKnownFileType = image.png; path = grassEndLeft.png; sourceTree = "<group>"; };
		2F8A446119F5ABFA00B37063 /* grassEndRight.png */ = {isa = PBXFileReference; lastKnownFileType = image.png; path = grassEndRight.png; sourceTree = "<group>"; };
		2F8A446219F5ABFA00B37063 /* groundEndRight.png */ = {isa = PBXFileReference; lastKnownFileType = image.png; path = groundEndRight.png; sourceTree = "<group>"; };
		2F8A446319F5ABFA00B37063 /* groundEndLeft.png */ = {isa = PBXFileReference; lastKnownFileType = image.png; path = groundEndLeft.png; sourceTree = "<group>"; };
		2F8A446819F6E67F00B37063 /* yoshi.png */ = {isa = PBXFileReference; lastKnownFileType = image.png; path = yoshi.png; sourceTree = "<group>"; };
		2F8A446A19F760D700B37063 /* block.png */ = {isa = PBXFileReference; lastKnownFileType = image.png; path = block.png; sourceTree = "<group>"; };
		2F8A446C19F76CD400B37063 /* pipe.png */ = {isa = PBXFileReference; lastKnownFileType = image.png; path = pipe.png; sourceTree = "<group>"; };
		2F8A446D19F76CD400B37063 /* bump.png */ = {isa = PBXFileReference; lastKnownFileType = image.png; path = bump.png; sourceTree = "<group>"; };
		2F8A447019F7712800B37063 /* end.png */ = {isa = PBXFileReference; lastKnownFileType = image.png; path = end.png; sourceTree = "<group>"; };
		2F8A447219F772E700B37063 /* bush.png */ = {isa = PBXFileReference; lastKnownFileType = image.png; path = bush.png; sourceTree = "<group>"; };
		2F8A447319F772E700B37063 /* sign.png */ = {isa = PBXFileReference; lastKnownFileType = image.png; path = sign.png; sourceTree = "<group>"; };
		2FCAC09019D26A9E001B2CDA /* sprite.cpp */ = {isa = PBXFileReference; fileEncoding = 4; lastKnownFileType = sourcecode.cpp.cpp; name = sprite.cpp; path = source/sprite.cpp; sourceTree = SOURCE_ROOT; };
		2FCAC09119D26A9E001B2CDA /* sprite.h */ = {isa = PBXFileReference; fileEncoding = 4; lastKnownFileType = sourcecode.c.h; name = sprite.h; path = source/sprite.h; sourceTree = SOURCE_ROOT; };
		2FCD3B1B19787BCB001B744F /* algebra.cpp */ = {isa = PBXFileReference; fileEncoding = 4; lastKnownFileType = sourcecode.cpp.cpp; name = algebra.cpp; path = source/algebra.cpp; sourceTree = SOURCE_ROOT; };
		2FCD3B1C19787BCB001B744F /* algebra.hpp */ = {isa = PBXFileReference; fileEncoding = 4; lastKnownFileType = sourcecode.cpp.h; name = algebra.hpp; path = source/algebra.hpp; sourceTree = SOURCE_ROOT; };
		2FCD3B2519787BCB001B744F /* main.mm */ = {isa = PBXFileReference; fileEncoding = 4; lastKnownFileType = sourcecode.cpp.objcpp; name = main.mm; path = source/main.mm; sourceTree = SOURCE_ROOT; };
		2FCD3B3219787BCC001B744F /* UI.cpp */ = {isa = PBXFileReference; fileEncoding = 4; lastKnownFileType = sourcecode.cpp.cpp; name = UI.cpp; path = source/UI.cpp; sourceTree = SOURCE_ROOT; };
		2FCD3B3319787BCC001B744F /* UI.h */ = {isa = PBXFileReference; fileEncoding = 4; lastKnownFileType = sourcecode.c.h; name = UI.h; path = source/UI.h; sourceTree = SOURCE_ROOT; };
		2FCD3B4119787C5C001B744F /* GLUT.framework */ = {isa = PBXFileReference; lastKnownFileType = wrapper.framework; name = GLUT.framework; path = System/Library/Frameworks/GLUT.framework; sourceTree = SDKROOT; };
		2FCD3B4319787C61001B744F /* OpenAL.framework */ = {isa = PBXFileReference; lastKnownFileType = wrapper.framework; name = OpenAL.framework; path = System/Library/Frameworks/OpenAL.framework; sourceTree = SDKROOT; };
		2FE32E771A096E530029C57D /* koopa.h */ = {isa = PBXFileReference; fileEncoding = 4; lastKnownFileType = sourcecode.c.h; name = koopa.h; path = source/koopa.h; sourceTree = SOURCE_ROOT; };
		2FE32E781A096E530029C57D /* koopa.cpp */ = {isa = PBXFileReference; fileEncoding = 4; lastKnownFileType = sourcecode.cpp.cpp; name = koopa.cpp; path = source/koopa.cpp; sourceTree = SOURCE_ROOT; };
		2FE32E7A1A096F530029C57D /* libSOIL.a */ = {isa = PBXFileReference; lastKnownFileType = archive.ar; name = libSOIL.a; path = "../Downloads/Simple OpenGL Image Library/lib/libSOIL.a"; sourceTree = "<group>"; };
		2FE32E7C1A0D8F2E0029C57D /* koopaShell4.png */ = {isa = PBXFileReference; lastKnownFileType = image.png; path = koopaShell4.png; sourceTree = "<group>"; };
		2FE32E7D1A0D8F2E0029C57D /* koopaShell3.png */ = {isa = PBXFileReference; lastKnownFileType = image.png; path = koopaShell3.png; sourceTree = "<group>"; };
		2FE32E7E1A0D8F2E0029C57D /* koopaShell2.png */ = {isa = PBXFileReference; lastKnownFileType = image.png; path = koopaShell2.png; sourceTree = "<group>"; };
		2FE32E7F1A0D8F2E0029C57D /* koopaShell1.png */ = {isa = PBXFileReference; lastKnownFileType = image.png; path = koopaShell1.png; sourceTree = "<group>"; };
		2FE32E841A0ECF940029C57D /* SuperMarioBros.wav */ = {isa = PBXFileReference; lastKnownFileType = audio.wav; path = SuperMarioBros.wav; sourceTree = "<group>"; };
		2FE32E861A11F5D60029C57D /* title.png */ = {isa = PBXFileReference; lastKnownFileType = image.png; path = title.png; sourceTree = "<group>"; };
		2FE32E881A15F29F0029C57D /* door.png */ = {isa = PBXFileReference; lastKnownFileType = image.png; path = door.png; sourceTree = "<group>"; };
		2FE79B051979C7DF007FBA20 /* soundEffects.cpp */ = {isa = PBXFileReference; fileEncoding = 4; lastKnownFileType = sourcecode.cpp.cpp; name = soundEffects.cpp; path = source/soundEffects.cpp; sourceTree = SOURCE_ROOT; };
		2FE79B061979C7DF007FBA20 /* soundEffects.h */ = {isa = PBXFileReference; fileEncoding = 4; lastKnownFileType = sourcecode.c.h; name = soundEffects.h; path = source/soundEffects.h; sourceTree = SOURCE_ROOT; };
		E263994D190D148400B6251A /* 01_project_skeleton.app */ = {isa = PBXFileReference; explicitFileType = wrapper.application; includeInIndex = 0; path = 01_project_skeleton.app; sourceTree = BUILT_PRODUCTS_DIR; };
		E2639950190D148400B6251A /* Cocoa.framework */ = {isa = PBXFileReference; lastKnownFileType = wrapper.framework; name = Cocoa.framework; path = System/Library/Frameworks/Cocoa.framework; sourceTree = SDKROOT; };
		E2639AE7190D169200B6251A /* OpenGL.framework */ = {isa = PBXFileReference; lastKnownFileType = wrapper.framework; name = OpenGL.framework; path = System/Library/Frameworks/OpenGL.framework; sourceTree = SDKROOT; };
		E2639AE9190D16B700B6251A /* libglfw.a */ = {isa = PBXFileReference; lastKnownFileType = archive.ar; name = libglfw.a; path = thirdparty/glfw/libglfw.a; sourceTree = SOURCE_ROOT; };
		E2639AF2190D16D900B6251A /* glew.c */ = {isa = PBXFileReference; fileEncoding = 4; lastKnownFileType = sourcecode.c.c; name = glew.c; path = thirdparty/glew/src/glew.c; sourceTree = "<group>"; };
		E2639AFB190D16FF00B6251A /* IOKit.framework */ = {isa = PBXFileReference; lastKnownFileType = wrapper.framework; name = IOKit.framework; path = System/Library/Frameworks/IOKit.framework; sourceTree = SDKROOT; };
/* End PBXFileReference section */

/* Begin PBXFrameworksBuildPhase section */
		E263994A190D148400B6251A /* Frameworks */ = {
			isa = PBXFrameworksBuildPhase;
			buildActionMask = 2147483647;
			files = (
				2FCD3B4419787C61001B744F /* OpenAL.framework in Frameworks */,
				2FCD3B4219787C5C001B744F /* GLUT.framework in Frameworks */,
				2FE32E7B1A096F530029C57D /* libSOIL.a in Frameworks */,
				E2639AE8190D169200B6251A /* OpenGL.framework in Frameworks */,
			);
			runOnlyForDeploymentPostprocessing = 0;
		};
/* End PBXFrameworksBuildPhase section */

/* Begin PBXGroup section */
		2F8A444119F5A85100B37063 /* resources */ = {
			isa = PBXGroup;
			children = (
				2FE32E881A15F29F0029C57D /* door.png */,
				2FE32E861A11F5D60029C57D /* title.png */,
				2FE32E7C1A0D8F2E0029C57D /* koopaShell4.png */,
				2FE32E7D1A0D8F2E0029C57D /* koopaShell3.png */,
				2FE32E7E1A0D8F2E0029C57D /* koopaShell2.png */,
				2FE32E7F1A0D8F2E0029C57D /* koopaShell1.png */,
				2F3D259F1A0969B0007E6031 /* koopaTurnLeft.png */,
				2F3D25A01A0969B0007E6031 /* koopaTurnRight.png */,
				2F3D25A11A0969B0007E6031 /* koopaWalkLeft.png */,
				2F3D25A21A0969B0007E6031 /* koopaWalkRight.png */,
				2F3D25A31A0969B0007E6031 /* koopaIdleLeft.png */,
				2F3D25A41A0969B0007E6031 /* koopaIdleRight.png */,
				2F3D259A1A06DAB4007E6031 /* mario.png */,
				2F6A12B81A00BFC600CD882B /* plantJump4.png */,
				2F6A12B91A00BFC600CD882B /* plantJump3.png */,
				2F6A12BA1A00BFC600CD882B /* plantJump2.png */,
				2F6A12BB1A00BFC600CD882B /* plantJump1.png */,
				2F6A12B31A00AD7300CD882B /* marioCrouchLeft.png */,
				2F6A12B11A00AAD500CD882B /* goombaDead.png */,
				2F6A12A31A00A45D00CD882B /* marioDead.png */,
				2F6A129C1A008D7700CD882B /* goombaIdle.png */,
				2F6A129D1A008D7700CD882B /* goombaRun.png */,
				2F6A129519FA1E9000CD882B /* marioCrouchRight.png */,
				2F8A447219F772E700B37063 /* bush.png */,
				2F8A447319F772E700B37063 /* sign.png */,
				2F8A447019F7712800B37063 /* end.png */,
				2F8A446C19F76CD400B37063 /* pipe.png */,
				2F8A446D19F76CD400B37063 /* bump.png */,
				2F8A446A19F760D700B37063 /* block.png */,
				2F8A446819F6E67F00B37063 /* yoshi.png */,
				2F8A446019F5ABFA00B37063 /* grassEndLeft.png */,
				2F8A446119F5ABFA00B37063 /* grassEndRight.png */,
				2F8A446219F5ABFA00B37063 /* groundEndRight.png */,
				2F8A446319F5ABFA00B37063 /* groundEndLeft.png */,
				2F8A444219F5A85100B37063 /* backgrounds.png */,
				2F8A444319F5A85100B37063 /* grass.png */,
				2F8A444419F5A85100B37063 /* ground.png */,
				2F8A444519F5A85100B37063 /* jump.wav */,
				2F8A444619F5A85100B37063 /* level1.txt */,
				2F8A444719F5A85100B37063 /* marioidle.png */,
				2F8A444819F5A85100B37063 /* marioIdleLeft.png */,
				2F8A444919F5A85100B37063 /* marioJumpLeft.png */,
				2F8A444A19F5A85100B37063 /* marioJumpRight.png */,
				2F8A444B19F5A85100B37063 /* marioRun.png */,
				2F8A444C19F5A85100B37063 /* marioRunLeft.png */,
				2F8A444D19F5A85100B37063 /* qBlock.png */,
				2F8A444E19F5A85100B37063 /* sky.png */,
				2FE32E841A0ECF940029C57D /* SuperMarioBros.wav */,
				2F8A444F19F5A85100B37063 /* SuperMarioBros.ogg */,
			);
			path = resources;
			sourceTree = "<group>";
		};
		2FCD3B1A19787BB9001B744F /* Extensions */ = {
			isa = PBXGroup;
			children = (
				2FCD3B1B19787BCB001B744F /* algebra.cpp */,
				2FCD3B1C19787BCB001B744F /* algebra.hpp */,
			);
			name = Extensions;
			path = source;
			sourceTree = "<group>";
		};
		E2639942190D145C00B6251A = {
			isa = PBXGroup;
			children = (
				E2639AD9190D156500B6251A /* source */,
				E263994F190D148400B6251A /* thirdparty */,
				E263994E190D148400B6251A /* Products */,
				2F8A444119F5A85100B37063 /* resources */,
			);
			sourceTree = "<group>";
		};
		E263994E190D148400B6251A /* Products */ = {
			isa = PBXGroup;
			children = (
				E263994D190D148400B6251A /* 01_project_skeleton.app */,
			);
			name = Products;
			sourceTree = "<group>";
		};
		E263994F190D148400B6251A /* thirdparty */ = {
			isa = PBXGroup;
			children = (
				2FE32E7A1A096F530029C57D /* libSOIL.a */,
				2F8A443719EB248B00B37063 /* SOIL.c */,
				2F8A443819EB248B00B37063 /* stb_image_aug.c */,
				2F8A443919EB248B00B37063 /* image_DXT.c */,
				2F8A443A19EB248B00B37063 /* image_helper.c */,
				2FCD3B4319787C61001B744F /* OpenAL.framework */,
				2FCD3B4119787C5C001B744F /* GLUT.framework */,
				E2639AF2190D16D900B6251A /* glew.c */,
				E2639AE9190D16B700B6251A /* libglfw.a */,
				E2639AE7190D169200B6251A /* OpenGL.framework */,
				E2639950190D148400B6251A /* Cocoa.framework */,
				E2639AFB190D16FF00B6251A /* IOKit.framework */,
			);
			name = thirdparty;
			sourceTree = "<group>";
		};
		E2639AD9190D156500B6251A /* source */ = {
			isa = PBXGroup;
			children = (
				2FCD3B1A19787BB9001B744F /* Extensions */,
				2F07093719C966CA00B4D365 /* sharedConstants.h */,
				2F07093819C966FD00B4D365 /* sharedHeaders.h */,
				2FCD3B3219787BCC001B744F /* UI.cpp */,
				2FCD3B3319787BCC001B744F /* UI.h */,
				2FE79B051979C7DF007FBA20 /* soundEffects.cpp */,
				2FE79B061979C7DF007FBA20 /* soundEffects.h */,
				2F6A12A51A00A94D00CD882B /* level.cpp */,
				2F6A12A71A00A95600CD882B /* level.h */,
				2F6A12A81A00A97200CD882B /* object.cpp */,
				2F6A12A91A00A97200CD882B /* object.h */,
				2FCAC09019D26A9E001B2CDA /* sprite.cpp */,
				2FCAC09119D26A9E001B2CDA /* sprite.h */,
				2F6A12AB1A00A97F00CD882B /* enemy.cpp */,
				2F6A12AC1A00A97F00CD882B /* enemy.h */,
				2F6A12AE1A00A98B00CD882B /* goomba.cpp */,
				2F6A12AF1A00A98B00CD882B /* goomba.h */,
				2F6A12B51A00BD0F00CD882B /* plant.cpp */,
				2F6A12B61A00BD0F00CD882B /* plant.h */,
				2FE32E781A096E530029C57D /* koopa.cpp */,
				2FE32E771A096E530029C57D /* koopa.h */,
				2F07093919CA181700B4D365 /* player.cpp */,
				2F07093A19CA181700B4D365 /* player.h */,
				2FCD3B2519787BCB001B744F /* main.mm */,
			);
			name = source;
			path = 01_project_skeleton;
			sourceTree = "<group>";
		};
/* End PBXGroup section */

/* Begin PBXNativeTarget section */
		E263994C190D148400B6251A /* 01_project_skeleton */ = {
			isa = PBXNativeTarget;
			buildConfigurationList = E263997C190D148500B6251A /* Build configuration list for PBXNativeTarget "01_project_skeleton" */;
			buildPhases = (
				E2639949190D148400B6251A /* Sources */,
				E263994A190D148400B6251A /* Frameworks */,
				E263994B190D148400B6251A /* Resources */,
			);
			buildRules = (
			);
			dependencies = (
			);
			name = 01_project_skeleton;
			productName = 01_project_skeleton;
			productReference = E263994D190D148400B6251A /* 01_project_skeleton.app */;
			productType = "com.apple.product-type.application";
		};
/* End PBXNativeTarget section */

/* Begin PBXProject section */
		E2639943190D145C00B6251A /* Project object */ = {
			isa = PBXProject;
			attributes = {
				LastUpgradeCheck = 0510;
			};
			buildConfigurationList = E2639946190D145C00B6251A /* Build configuration list for PBXProject "opengl-series" */;
			compatibilityVersion = "Xcode 3.2";
			developmentRegion = English;
			hasScannedForEncodings = 0;
			knownRegions = (
				en,
				Base,
			);
			mainGroup = E2639942190D145C00B6251A;
			productRefGroup = E263994E190D148400B6251A /* Products */;
			projectDirPath = "";
			projectRoot = "";
			targets = (
				E263994C190D148400B6251A /* 01_project_skeleton */,
			);
		};
/* End PBXProject section */

/* Begin PBXResourcesBuildPhase section */
		E263994B190D148400B6251A /* Resources */ = {
			isa = PBXResourcesBuildPhase;
			buildActionMask = 2147483647;
			files = (
				2F3D259B1A06DAB4007E6031 /* mario.png in Resources */,
				2F8A446919F6E67F00B37063 /* yoshi.png in Resources */,
				2F8A447419F772E700B37063 /* bush.png in Resources */,
				2F8A447519F772E700B37063 /* sign.png in Resources */,
				2F8A445419F5A85100B37063 /* level1.txt in Resources */,
				2F6A12B21A00AAD500CD882B /* goombaDead.png in Resources */,
				2F8A445B19F5A85100B37063 /* qBlock.png in Resources */,
				2F8A445A19F5A85100B37063 /* marioRunLeft.png in Resources */,
				2F6A12BD1A00BFC600CD882B /* plantJump3.png in Resources */,
				2F8A445319F5A85100B37063 /* jump.wav in Resources */,
				2F8A445519F5A85100B37063 /* marioidle.png in Resources */,
				2FE32E801A0D8F2E0029C57D /* koopaShell4.png in Resources */,
				2F3D25A51A0969B0007E6031 /* koopaTurnLeft.png in Resources */,
				2F8A446419F5ABFA00B37063 /* grassEndLeft.png in Resources */,
				2FE32E871A11F5D60029C57D /* title.png in Resources */,
				2F8A445719F5A85100B37063 /* marioJumpLeft.png in Resources */,
				2F6A12A41A00A45D00CD882B /* marioDead.png in Resources */,
				2F8A446B19F760D700B37063 /* block.png in Resources */,
				2F6A12B41A00AD7300CD882B /* marioCrouchLeft.png in Resources */,
				2F6A129E1A008D7700CD882B /* goombaIdle.png in Resources */,
				2F8A447119F7712800B37063 /* end.png in Resources */,
				2F3D25AA1A0969B0007E6031 /* koopaIdleRight.png in Resources */,
				2F8A446F19F76CD400B37063 /* bump.png in Resources */,
				2F8A445919F5A85100B37063 /* marioRun.png in Resources */,
				2FE32E831A0D8F2E0029C57D /* koopaShell1.png in Resources */,
				2F8A445C19F5A85100B37063 /* sky.png in Resources */,
				2F8A445D19F5A85100B37063 /* SuperMarioBros.ogg in Resources */,
				2F8A445219F5A85100B37063 /* ground.png in Resources */,
				2FE32E821A0D8F2E0029C57D /* koopaShell2.png in Resources */,
				2F6A12BC1A00BFC600CD882B /* plantJump4.png in Resources */,
				2FE32E811A0D8F2E0029C57D /* koopaShell3.png in Resources */,
				2F8A446519F5ABFA00B37063 /* grassEndRight.png in Resources */,
				2F8A445819F5A85100B37063 /* marioJumpRight.png in Resources */,
				2FE32E891A15F2A00029C57D /* door.png in Resources */,
				2FE32E851A0ECF940029C57D /* SuperMarioBros.wav in Resources */,
				2F6A129F1A008D7700CD882B /* goombaRun.png in Resources */,
				2F8A446619F5ABFA00B37063 /* groundEndRight.png in Resources */,
				2F6A129719FA1E9000CD882B /* marioCrouchRight.png in Resources */,
				2F8A445119F5A85100B37063 /* grass.png in Resources */,
				2F8A446E19F76CD400B37063 /* pipe.png in Resources */,
				2F3D25A71A0969B0007E6031 /* koopaWalkLeft.png in Resources */,
				2F3D25A91A0969B0007E6031 /* koopaIdleLeft.png in Resources */,
				2F6A12BE1A00BFC600CD882B /* plantJump2.png in Resources */,
				2F8A446719F5ABFA00B37063 /* groundEndLeft.png in Resources */,
				2F3D25A61A0969B0007E6031 /* koopaTurnRight.png in Resources */,
				2F3D25A81A0969B0007E6031 /* koopaWalkRight.png in Resources */,
				2F6A12BF1A00BFC600CD882B /* plantJump1.png in Resources */,
				2F8A445619F5A85100B37063 /* marioIdleLeft.png in Resources */,
				2F8A445019F5A85100B37063 /* backgrounds.png in Resources */,
			);
			runOnlyForDeploymentPostprocessing = 0;
		};
/* End PBXResourcesBuildPhase section */

/* Begin PBXSourcesBuildPhase section */
		E2639949190D148400B6251A /* Sources */ = {
			isa = PBXSourcesBuildPhase;
			buildActionMask = 2147483647;
			files = (
				2F6A12B01A00A98B00CD882B /* goomba.cpp in Sources */,
				2F6A12A61A00A94D00CD882B /* level.cpp in Sources */,
				2F6A12AA1A00A97200CD882B /* object.cpp in Sources */,
				2F8A443E19EB248B00B37063 /* image_helper.c in Sources */,
				2FCD3B3419787BCC001B744F /* algebra.cpp in Sources */,
				2F8A443B19EB248B00B37063 /* SOIL.c in Sources */,
				2FE32E791A096E530029C57D /* koopa.cpp in Sources */,
				2F8A443C19EB248B00B37063 /* stb_image_aug.c in Sources */,
				2FE79B071979C7DF007FBA20 /* soundEffects.cpp in Sources */,
				2F6A12AD1A00A97F00CD882B /* enemy.cpp in Sources */,
				2F6A12B71A00BD0F00CD882B /* plant.cpp in Sources */,
				2FCD3B3919787BCC001B744F /* main.mm in Sources */,
				2F07093B19CA181700B4D365 /* player.cpp in Sources */,
				E2639AF3190D16D900B6251A /* glew.c in Sources */,
				2FCD3B4019787BCC001B744F /* UI.cpp in Sources */,
				2F8A443D19EB248B00B37063 /* image_DXT.c in Sources */,
				2FCAC09219D26A9E001B2CDA /* sprite.cpp in Sources */,
			);
			runOnlyForDeploymentPostprocessing = 0;
		};
/* End PBXSourcesBuildPhase section */

/* Begin XCBuildConfiguration section */
		E2639947190D145D00B6251A /* Debug */ = {
			isa = XCBuildConfiguration;
			buildSettings = {
				CLANG_CXX_LANGUAGE_STANDARD = "c++0x";
				GCC_OPTIMIZATION_LEVEL = 0;
				GCC_WARN_PEDANTIC = YES;
				HEADER_SEARCH_PATHS = (
					"$(inherited)",
					"\"$(PROJECT_DIR)/thirdparty\"/**",
				);
				LIBRARY_SEARCH_PATHS = "\"$(PROJECT_DIR)/thirdparty\"/**";
			};
			name = Debug;
		};
		E2639948190D145D00B6251A /* Release */ = {
			isa = XCBuildConfiguration;
			buildSettings = {
				CLANG_CXX_LANGUAGE_STANDARD = "c++0x";
				GCC_WARN_PEDANTIC = YES;
				HEADER_SEARCH_PATHS = (
					"$(inherited)",
					"\"$(PROJECT_DIR)/thirdparty\"/**",
				);
				LIBRARY_SEARCH_PATHS = "\"$(PROJECT_DIR)/thirdparty\"/**";
			};
			name = Release;
		};
		E263997D190D148500B6251A /* Debug */ = {
			isa = XCBuildConfiguration;
			buildSettings = {
				ARCHS = "$(ARCHS_STANDARD)";
				GCC_WARN_ABOUT_DEPRECATED_FUNCTIONS = NO;
				LIBRARY_SEARCH_PATHS = (
					"$(inherited)",
					"$(PROJECT_DIR)",
					"/Users/Korkesh/Downloads/SimpleOpenGLImageLibrary/lib/**",
					/Users/Korkesh/Downloads/SimpleOpenGLImageLibrary/lib,
					/Users/Korkesh/Downloads/Simple,
					OpenGL,
					Image,
					Library/lib,
					/Users/Korkesh/Downloads/Simple,
					OpenGL,
					Image,
					Library/lib,
					/Users/Korkesh/Downloads/Simple,
					OpenGL,
					Image,
					Library/lib,
					/Users/Korkesh/Downloads/Simple,
					OpenGL,
					Image,
					Library/lib,
				);
				MACOSX_DEPLOYMENT_TARGET = 10.9;
				PRODUCT_NAME = 01_project_skeleton;
				SDKROOT = macosx;
			};
			name = Debug;
		};
		E263997E190D148500B6251A /* Release */ = {
			isa = XCBuildConfiguration;
			buildSettings = {
				ARCHS = "$(ARCHS_STANDARD)";
				GCC_WARN_ABOUT_DEPRECATED_FUNCTIONS = NO;
				LIBRARY_SEARCH_PATHS = (
					"$(inherited)",
					"$(PROJECT_DIR)",
					"/Users/Korkesh/Downloads/SimpleOpenGLImageLibrary/lib/**",
					/Users/Korkesh/Downloads/SimpleOpenGLImageLibrary/lib,
					/Users/Korkesh/Downloads/Simple,
					OpenGL,
					Image,
					Library/lib,
					/Users/Korkesh/Downloads/Simple,
					OpenGL,
					Image,
					Library/lib,
					/Users/Korkesh/Downloads/Simple,
					OpenGL,
					Image,
					Library/lib,
					/Users/Korkesh/Downloads/Simple,
					OpenGL,
					Image,
					Library/lib,
				);
				MACOSX_DEPLOYMENT_TARGET = 10.9;
				PRODUCT_NAME = 01_project_skeleton;
				SDKROOT = macosx;
			};
			name = Release;
		};
/* End XCBuildConfiguration section */

/* Begin XCConfigurationList section */
		E2639946190D145C00B6251A /* Build configuration list for PBXProject "opengl-series" */ = {
			isa = XCConfigurationList;
			buildConfigurations = (
				E2639947190D145D00B6251A /* Debug */,
				E2639948190D145D00B6251A /* Release */,
			);
			defaultConfigurationIsVisible = 0;
			defaultConfigurationName = Release;
		};
		E263997C190D148500B6251A /* Build configuration list for PBXNativeTarget "01_project_skeleton" */ = {
			isa = XCConfigurationList;
			buildConfigurations = (
				E263997D190D148500B6251A /* Debug */,
				E263997E190D148500B6251A /* Release */,
			);
			defaultConfigurationIsVisible = 0;
			defaultConfigurationName = Release;
		};
/* End XCConfigurationList section */
	};
	rootObject = E2639943190D145C00B6251A /* Project object */;
}
